
Microsoft Visual Studio Solution File, Format Version 12.00
# Visual Studio Version 17
VisualStudioVersion = 17.14.36105.17 d17.14
MinimumVisualStudioVersion = 10.0.40219.1
Project("{FAE04EC0-301F-11D3-BF4B-00C04F79EFBC}") = "视频时间工厂", "视频时间工厂.csproj", "{24B35C38-AC69-478C-976F-F696F94B67CE}"
EndProject
Global
	GlobalSection(SolutionConfigurationPlatforms) = preSolution
		Debug|Any CPU = Debug|Any CPU
		Release|Any CPU = Release|Any CPU
	EndGlobalSection
	GlobalSection(ProjectConfigurationPlatforms) = postSolution
		{24B35C38-AC69-478C-976F-F696F94B67CE}.Debug|Any CPU.ActiveCfg = Debug|Any CPU
		{24B35C38-AC69-478C-976F-F696F94B67CE}.Debug|Any CPU.Build.0 = Debug|Any CPU
		{24B35C38-AC69-478C-976F-F696F94B67CE}.Release|Any CPU.ActiveCfg = Release|Any CPU
		{24B35C38-AC69-478C-976F-F696F94B67CE}.Release|Any CPU.Build.0 = Release|Any CPU
	EndGlobalSection
	GlobalSection(SolutionProperties) = preSolution
		HideSolutionNode = FALSE
	EndGlobalSection
	GlobalSection(ExtensibilityGlobals) = postSolution
		SolutionGuid = {4DC8753F-D91E-486D-8853-B90F9A67FF55}
	EndGlobalSection
EndGlobal
